# This file is automatically @generated by Cargo.
# It is not intended for manual editing.
[[package]]
name = "buddy-alloc"
version = "0.3.0"
source = "registry+https://github.com/rust-lang/crates.io-index"
checksum = "efba9eaa9fdf9fddf408904e3dc3dc414411053ef48c06edd3aac53d2d919e0e"

[[package]]
name = "cc"
version = "1.0.58"
source = "registry+https://github.com/rust-lang/crates.io-index"
checksum = "f9a06fb2e53271d7c279ec1efea6ab691c35a2ae67ec0d91d7acec0caf13b518"

[[package]]
name = "cfg-if"
version = "0.1.10"
source = "registry+https://github.com/rust-lang/crates.io-index"
checksum = "4785bdd1c96b2a846b2bd7cc02e86b6b3dbf14e7e53446c4f54c92a361040822"

[[package]]
name = "ckb-allocator"
version = "0.1.1"
source = "registry+https://github.com/rust-lang/crates.io-index"
checksum = "572ce0405d93e105d547f6d362c70c4b744e5e0984f9b9877c81afd070c8e2cc"
dependencies = [
 "buddy-alloc",
]

[[package]]
name = "ckb-standalone-types"
version = "0.0.1-pre.1"
source = "registry+https://github.com/rust-lang/crates.io-index"
checksum = "af2cdbdf65ee5b1da71504f5a03d6984bce77d0b4b46daff63f4ba4a3b0eef08"
dependencies = [
 "cfg-if",
 "molecule",
]

[[package]]
name = "ckb-std"
version = "0.6.0"
source = "registry+https://github.com/rust-lang/crates.io-index"
checksum = "4919733c5e3591ccdf892f0e29c5f5a220de5aef7f90e1a2a21bf03f707662f6"
dependencies = [
 "cc",
 "ckb-allocator",
 "ckb-standalone-types",
]

[[package]]
name = "int-enum"
version = "0.4.0"
source = "registry+https://github.com/rust-lang/crates.io-index"
checksum = "2b1428b2b1abe959e6eedb0a17d0ab12f6ba20e1106cc29fc4874e3ba393c177"
dependencies = [
 "cfg-if",
 "int-enum-impl",
]

[[package]]
name = "int-enum-impl"
version = "0.4.0"
source = "registry+https://github.com/rust-lang/crates.io-index"
checksum = "a2c3cecaad8ca1a5020843500c696de2b9a07b63b624ddeef91f85f9bafb3671"
dependencies = [
 "cfg-if",
 "proc-macro-crate",
 "proc-macro2",
 "quote",
 "syn",
]

[[package]]
name = "molecule"
version = "0.6.0"
source = "registry+https://github.com/rust-lang/crates.io-index"
checksum = "663f76cc52219e5957e2f5563cce9d89f98aa8503c9c898b5c412d97df663998"
dependencies = [
 "cfg-if",
]

[[package]]
name = "proc-macro-crate"
version = "0.1.5"
source = "registry+https://github.com/rust-lang/crates.io-index"
checksum = "1d6ea3c4595b96363c13943497db34af4460fb474a95c43f4446ad341b8c9785"
dependencies = [
 "toml",
]

[[package]]
name = "proc-macro2"
version = "1.0.19"
source = "registry+https://github.com/rust-lang/crates.io-index"
checksum = "04f5f085b5d71e2188cb8271e5da0161ad52c3f227a661a3c135fdf28e258b12"
dependencies = [
 "unicode-xid",
]

[[package]]
name = "quote"
version = "1.0.7"
source = "registry+https://github.com/rust-lang/crates.io-index"
checksum = "aa563d17ecb180e500da1cfd2b028310ac758de548efdd203e18f283af693f37"
dependencies = [
 "proc-macro2",
]

[[package]]
name = "serde"
version = "1.0.115"
source = "registry+https://github.com/rust-lang/crates.io-index"
checksum = "e54c9a88f2da7238af84b5101443f0c0d0a3bbdc455e34a5c9497b1903ed55d5"

[[package]]
name = "syn"
version = "1.0.38"
source = "registry+https://github.com/rust-lang/crates.io-index"
checksum = "e69abc24912995b3038597a7a593be5053eb0fb44f3cc5beec0deb421790c1f4"
dependencies = [
 "proc-macro2",
 "quote",
 "unicode-xid",
]

[[package]]
name = "toCKB-typescript"
version = "0.1.0"
dependencies = [
 "ckb-std",
 "int-enum",
 "molecule",
]

[[package]]
name = "toml"
version = "0.5.6"
source = "registry+https://github.com/rust-lang/crates.io-index"
checksum = "ffc92d160b1eef40665be3a05630d003936a3bc7da7421277846c2613e92c71a"
dependencies = [
 "serde",
]

[[package]]
name = "unicode-xid"
version = "0.2.1"
source = "registry+https://github.com/rust-lang/crates.io-index"
checksum = "f7fe0bb3479651439c9112f72b6c505038574c9fbb575ed1bf3b797fa39dd564"
